
Microsoft Visual Studio Solution File, Format Version 12.00
# Visual Studio Version 16
VisualStudioVersion = 16.0.31112.23
MinimumVisualStudioVersion = 10.0.40219.1
Project("{9A19103F-16F7-4668-BE54-9A1E7A4F7556}") = "ComponentProcessingAPIProject", "ComponentProcessingAPIProject.csproj", "{30BA6381-2CF1-473F-82C2-5043063C4D1A}"
EndProject
Project("{FAE04EC0-301F-11D3-BF4B-00C04F79EFBC}") = "UnitComponentProcessing", "..\UnitComponentProcessing\UnitComponentProcessing.csproj", "{A82C3C85-CB3E-4B92-8A97-201C9997F56C}"
EndProject
Global
	GlobalSection(SolutionConfigurationPlatforms) = preSolution
		Debug|Any CPU = Debug|Any CPU
		Release|Any CPU = Release|Any CPU
	EndGlobalSection
	GlobalSection(ProjectConfigurationPlatforms) = postSolution
		{30BA6381-2CF1-473F-82C2-5043063C4D1A}.Debug|Any CPU.ActiveCfg = Debug|Any CPU
		{30BA6381-2CF1-473F-82C2-5043063C4D1A}.Debug|Any CPU.Build.0 = Debug|Any CPU
		{30BA6381-2CF1-473F-82C2-5043063C4D1A}.Release|Any CPU.ActiveCfg = Release|Any CPU
		{30BA6381-2CF1-473F-82C2-5043063C4D1A}.Release|Any CPU.Build.0 = Release|Any CPU
		{A82C3C85-CB3E-4B92-8A97-201C9997F56C}.Debug|Any CPU.ActiveCfg = Debug|Any CPU
		{A82C3C85-CB3E-4B92-8A97-201C9997F56C}.Debug|Any CPU.Build.0 = Debug|Any CPU
		{A82C3C85-CB3E-4B92-8A97-201C9997F56C}.Release|Any CPU.ActiveCfg = Release|Any CPU
		{A82C3C85-CB3E-4B92-8A97-201C9997F56C}.Release|Any CPU.Build.0 = Release|Any CPU
	EndGlobalSection
	GlobalSection(SolutionProperties) = preSolution
		HideSolutionNode = FALSE
	EndGlobalSection
	GlobalSection(ExtensibilityGlobals) = postSolution
		SolutionGuid = {E20AB3D2-60FF-4A47-B5A6-0523AB99D95F}
	EndGlobalSection
EndGlobal
